
Microsoft Visual Studio Solution File, Format Version 11.00
# Visual Studio 2010
Project("{FAE04EC0-301F-11D3-BF4B-00C04F79EFBC}") = "Assembly-CSharp", "Assembly-CSharp.csproj", "{F25BB919-E556-51C1-742A-4224DFB00F8E}"
EndProject
Project("{FAE04EC0-301F-11D3-BF4B-00C04F79EFBC}") = "Assembly-CSharp-Editor", "Assembly-CSharp-Editor.csproj", "{6865F4F5-0021-2760-F9F6-22DDACA14FAE}"
EndProject
Global
	GlobalSection(SolutionConfigurationPlatforms) = preSolution
		Debug|Any CPU = Debug|Any CPU
		Release|Any CPU = Release|Any CPU
	EndGlobalSection
	GlobalSection(ProjectConfigurationPlatforms) = postSolution
		{F25BB919-E556-51C1-742A-4224DFB00F8E}.Debug|Any CPU.ActiveCfg = Debug|Any CPU
		{F25BB919-E556-51C1-742A-4224DFB00F8E}.Debug|Any CPU.Build.0 = Debug|Any CPU
		{F25BB919-E556-51C1-742A-4224DFB00F8E}.Release|Any CPU.ActiveCfg = Release|Any CPU
		{F25BB919-E556-51C1-742A-4224DFB00F8E}.Release|Any CPU.Build.0 = Release|Any CPU
		{6865F4F5-0021-2760-F9F6-22DDACA14FAE}.Debug|Any CPU.ActiveCfg = Debug|Any CPU
		{6865F4F5-0021-2760-F9F6-22DDACA14FAE}.Debug|Any CPU.Build.0 = Debug|Any CPU
		{6865F4F5-0021-2760-F9F6-22DDACA14FAE}.Release|Any CPU.ActiveCfg = Release|Any CPU
		{6865F4F5-0021-2760-F9F6-22DDACA14FAE}.Release|Any CPU.Build.0 = Release|Any CPU
	EndGlobalSection
	GlobalSection(SolutionProperties) = preSolution
		HideSolutionNode = FALSE
	EndGlobalSection
	GlobalSection(MonoDevelopProperties) = preSolution
		StartupItem = Assembly-CSharp.csproj
	EndGlobalSection
EndGlobal
